
Microsoft Visual Studio Solution File, Format Version 12.00
# Visual Studio Version 16
VisualStudioVersion = 16.0.31025.194
MinimumVisualStudioVersion = 10.0.40219.1
Project("{F184B08F-C81C-45F6-A57F-5ABD9991F28F}") = "Restaurant System", "Restaurant System\Restaurant System.vbproj", "{5ABE2D42-B717-4FCE-8137-597579697C9B}"
EndProject
Global
	GlobalSection(SolutionConfigurationPlatforms) = preSolution
		Debug|Any CPU = Debug|Any CPU
		Release|Any CPU = Release|Any CPU
	EndGlobalSection
	GlobalSection(ProjectConfigurationPlatforms) = postSolution
		{5ABE2D42-B717-4FCE-8137-597579697C9B}.Debug|Any CPU.ActiveCfg = Debug|Any CPU
		{5ABE2D42-B717-4FCE-8137-597579697C9B}.Debug|Any CPU.Build.0 = Debug|Any CPU
		{5ABE2D42-B717-4FCE-8137-597579697C9B}.Release|Any CPU.ActiveCfg = Release|Any CPU
		{5ABE2D42-B717-4FCE-8137-597579697C9B}.Release|Any CPU.Build.0 = Release|Any CPU
	EndGlobalSection
	GlobalSection(SolutionProperties) = preSolution
		HideSolutionNode = FALSE
	EndGlobalSection
	GlobalSection(ExtensibilityGlobals) = postSolution
		SolutionGuid = {E0693CA6-56DD-497B-9F99-0FBB5260991C}
	EndGlobalSection
EndGlobal
